
Microsoft Visual Studio Solution File, Format Version 12.00
# Visual Studio 15
Project("{FAE04EC0-301F-11D3-BF4B-00C04F79EFBC}") = "CommunityGroup.Android", "CommunityGroup.Android\CommunityGroup.Android.csproj", "{7F74285E-8495-49C5-9CC4-003FD1195CF4}"
EndProject
Project("{FAE04EC0-301F-11D3-BF4B-00C04F79EFBC}") = "CommunityGroup.iOS", "CommunityGroup.iOS\CommunityGroup.iOS.csproj", "{184B39CA-E984-41FC-A90D-5003A1C6BB18}"
EndProject
Project("{FAE04EC0-301F-11D3-BF4B-00C04F79EFBC}") = "CommunityGroup", "CommunityGroup\CommunityGroup.csproj", "{B4DA4C12-DCFF-45B0-A984-C1EA7710E0F5}"
EndProject
Global
	GlobalSection(SolutionConfigurationPlatforms) = preSolution
		Debug|Any CPU = Debug|Any CPU
		Release|Any CPU = Release|Any CPU
		Debug|iPhoneSimulator = Debug|iPhoneSimulator
		Release|iPhoneSimulator = Release|iPhoneSimulator
		Debug|iPhone = Debug|iPhone
		Release|iPhone = Release|iPhone
		Ad-Hoc|iPhone = Ad-Hoc|iPhone
		AppStore|iPhone = AppStore|iPhone
	EndGlobalSection
	GlobalSection(ProjectConfigurationPlatforms) = postSolution
		{7F74285E-8495-49C5-9CC4-003FD1195CF4}.Debug|Any CPU.ActiveCfg = Debug|Any CPU
		{7F74285E-8495-49C5-9CC4-003FD1195CF4}.Debug|Any CPU.Build.0 = Debug|Any CPU
		{7F74285E-8495-49C5-9CC4-003FD1195CF4}.Release|Any CPU.ActiveCfg = Release|Any CPU
		{7F74285E-8495-49C5-9CC4-003FD1195CF4}.Release|Any CPU.Build.0 = Release|Any CPU
		{7F74285E-8495-49C5-9CC4-003FD1195CF4}.Debug|iPhoneSimulator.ActiveCfg = Debug|Any CPU
		{7F74285E-8495-49C5-9CC4-003FD1195CF4}.Debug|iPhoneSimulator.Build.0 = Debug|Any CPU
		{7F74285E-8495-49C5-9CC4-003FD1195CF4}.Release|iPhoneSimulator.ActiveCfg = Release|Any CPU
		{7F74285E-8495-49C5-9CC4-003FD1195CF4}.Release|iPhoneSimulator.Build.0 = Release|Any CPU
		{7F74285E-8495-49C5-9CC4-003FD1195CF4}.Debug|iPhone.ActiveCfg = Debug|Any CPU
		{7F74285E-8495-49C5-9CC4-003FD1195CF4}.Debug|iPhone.Build.0 = Debug|Any CPU
		{7F74285E-8495-49C5-9CC4-003FD1195CF4}.Release|iPhone.ActiveCfg = Release|Any CPU
		{7F74285E-8495-49C5-9CC4-003FD1195CF4}.Release|iPhone.Build.0 = Release|Any CPU
		{7F74285E-8495-49C5-9CC4-003FD1195CF4}.Ad-Hoc|iPhone.ActiveCfg = Debug|Any CPU
		{7F74285E-8495-49C5-9CC4-003FD1195CF4}.Ad-Hoc|iPhone.Build.0 = Debug|Any CPU
		{7F74285E-8495-49C5-9CC4-003FD1195CF4}.AppStore|iPhone.ActiveCfg = Debug|Any CPU
		{7F74285E-8495-49C5-9CC4-003FD1195CF4}.AppStore|iPhone.Build.0 = Debug|Any CPU
		{184B39CA-E984-41FC-A90D-5003A1C6BB18}.Debug|Any CPU.ActiveCfg = Debug|iPhoneSimulator
		{184B39CA-E984-41FC-A90D-5003A1C6BB18}.Debug|Any CPU.Build.0 = Debug|iPhoneSimulator
		{184B39CA-E984-41FC-A90D-5003A1C6BB18}.Release|Any CPU.ActiveCfg = Release|iPhoneSimulator
		{184B39CA-E984-41FC-A90D-5003A1C6BB18}.Release|Any CPU.Build.0 = Release|iPhoneSimulator
		{184B39CA-E984-41FC-A90D-5003A1C6BB18}.Debug|iPhoneSimulator.ActiveCfg = Debug|iPhoneSimulator
		{184B39CA-E984-41FC-A90D-5003A1C6BB18}.Debug|iPhoneSimulator.Build.0 = Debug|iPhoneSimulator
		{184B39CA-E984-41FC-A90D-5003A1C6BB18}.Release|iPhoneSimulator.ActiveCfg = Release|iPhoneSimulator
		{184B39CA-E984-41FC-A90D-5003A1C6BB18}.Release|iPhoneSimulator.Build.0 = Release|iPhoneSimulator
		{184B39CA-E984-41FC-A90D-5003A1C6BB18}.Debug|iPhone.ActiveCfg = Debug|iPhone
		{184B39CA-E984-41FC-A90D-5003A1C6BB18}.Debug|iPhone.Build.0 = Debug|iPhone
		{184B39CA-E984-41FC-A90D-5003A1C6BB18}.Release|iPhone.ActiveCfg = Release|iPhone
		{184B39CA-E984-41FC-A90D-5003A1C6BB18}.Release|iPhone.Build.0 = Release|iPhone
		{184B39CA-E984-41FC-A90D-5003A1C6BB18}.Ad-Hoc|iPhone.ActiveCfg = Ad-Hoc|iPhone
		{184B39CA-E984-41FC-A90D-5003A1C6BB18}.Ad-Hoc|iPhone.Build.0 = Ad-Hoc|iPhone
		{184B39CA-E984-41FC-A90D-5003A1C6BB18}.AppStore|iPhone.ActiveCfg = AppStore|iPhone
		{184B39CA-E984-41FC-A90D-5003A1C6BB18}.AppStore|iPhone.Build.0 = AppStore|iPhone
		{B4DA4C12-DCFF-45B0-A984-C1EA7710E0F5}.Debug|Any CPU.ActiveCfg = Debug|Any CPU
		{B4DA4C12-DCFF-45B0-A984-C1EA7710E0F5}.Debug|Any CPU.Build.0 = Debug|Any CPU
		{B4DA4C12-DCFF-45B0-A984-C1EA7710E0F5}.Release|Any CPU.ActiveCfg = Release|Any CPU
		{B4DA4C12-DCFF-45B0-A984-C1EA7710E0F5}.Release|Any CPU.Build.0 = Release|Any CPU
		{B4DA4C12-DCFF-45B0-A984-C1EA7710E0F5}.Debug|iPhoneSimulator.ActiveCfg = Debug|Any CPU
		{B4DA4C12-DCFF-45B0-A984-C1EA7710E0F5}.Debug|iPhoneSimulator.Build.0 = Debug|Any CPU
		{B4DA4C12-DCFF-45B0-A984-C1EA7710E0F5}.Release|iPhoneSimulator.ActiveCfg = Release|Any CPU
		{B4DA4C12-DCFF-45B0-A984-C1EA7710E0F5}.Release|iPhoneSimulator.Build.0 = Release|Any CPU
		{B4DA4C12-DCFF-45B0-A984-C1EA7710E0F5}.Debug|iPhone.ActiveCfg = Debug|Any CPU
		{B4DA4C12-DCFF-45B0-A984-C1EA7710E0F5}.Debug|iPhone.Build.0 = Debug|Any CPU
		{B4DA4C12-DCFF-45B0-A984-C1EA7710E0F5}.Release|iPhone.ActiveCfg = Release|Any CPU
		{B4DA4C12-DCFF-45B0-A984-C1EA7710E0F5}.Release|iPhone.Build.0 = Release|Any CPU
		{B4DA4C12-DCFF-45B0-A984-C1EA7710E0F5}.Ad-Hoc|iPhone.ActiveCfg = Debug|Any CPU
		{B4DA4C12-DCFF-45B0-A984-C1EA7710E0F5}.Ad-Hoc|iPhone.Build.0 = Debug|Any CPU
		{B4DA4C12-DCFF-45B0-A984-C1EA7710E0F5}.AppStore|iPhone.ActiveCfg = Debug|Any CPU
		{B4DA4C12-DCFF-45B0-A984-C1EA7710E0F5}.AppStore|iPhone.Build.0 = Debug|Any CPU
	EndGlobalSection
EndGlobal
